
Microsoft Visual Studio Solution File, Format Version 12.00
# Visual Studio Version 16
VisualStudioVersion = 16.0.29905.134
MinimumVisualStudioVersion = 10.0.40219.1
Project("{FAE04EC0-301F-11D3-BF4B-00C04F79EFBC}") = "AutoGeneratingReports", "AutoGeneratingReports\AutoGeneratingReports.csproj", "{BE03BC08-5A34-46EF-A256-86AE64E13C1D}"
EndProject
Project("{FAE04EC0-301F-11D3-BF4B-00C04F79EFBC}") = "AutoGenReport.Model", "AutoGenReport.Model\AutoGenReport.Model.csproj", "{9C45406F-3F84-4315-915B-53F921303792}"
EndProject
Global
	GlobalSection(SolutionConfigurationPlatforms) = preSolution
		Debug|Any CPU = Debug|Any CPU
		Release|Any CPU = Release|Any CPU
	EndGlobalSection
	GlobalSection(ProjectConfigurationPlatforms) = postSolution
		{BE03BC08-5A34-46EF-A256-86AE64E13C1D}.Debug|Any CPU.ActiveCfg = Debug|Any CPU
		{BE03BC08-5A34-46EF-A256-86AE64E13C1D}.Debug|Any CPU.Build.0 = Debug|Any CPU
		{BE03BC08-5A34-46EF-A256-86AE64E13C1D}.Release|Any CPU.ActiveCfg = Release|Any CPU
		{BE03BC08-5A34-46EF-A256-86AE64E13C1D}.Release|Any CPU.Build.0 = Release|Any CPU
		{9C45406F-3F84-4315-915B-53F921303792}.Debug|Any CPU.ActiveCfg = Debug|Any CPU
		{9C45406F-3F84-4315-915B-53F921303792}.Debug|Any CPU.Build.0 = Debug|Any CPU
		{9C45406F-3F84-4315-915B-53F921303792}.Release|Any CPU.ActiveCfg = Release|Any CPU
		{9C45406F-3F84-4315-915B-53F921303792}.Release|Any CPU.Build.0 = Release|Any CPU
	EndGlobalSection
	GlobalSection(SolutionProperties) = preSolution
		HideSolutionNode = FALSE
	EndGlobalSection
	GlobalSection(ExtensibilityGlobals) = postSolution
		SolutionGuid = {F414F869-9DE9-4E11-A066-C33DD7929E19}
	EndGlobalSection
EndGlobal
